
Microsoft Visual Studio Solution File, Format Version 12.00
# Visual Studio 2013
VisualStudioVersion = 12.0.21005.1
MinimumVisualStudioVersion = 10.0.40219.1
Project("{FAE04EC0-301F-11D3-BF4B-00C04F79EFBC}") = "PersonalTaskSimply", "PersonalTaskSimply\PersonalTaskSimply.csproj", "{5B891F2C-7674-48A5-A05A-A3EF92B4272E}"
EndProject
Project("{FAE04EC0-301F-11D3-BF4B-00C04F79EFBC}") = "DbLibrary", "DbLibrary\DbLibrary.csproj", "{E8B0C718-5320-47E9-BEEA-5070D9A43554}"
EndProject
Global
	GlobalSection(SolutionConfigurationPlatforms) = preSolution
		Debug|Any CPU = Debug|Any CPU
		Release|Any CPU = Release|Any CPU
	EndGlobalSection
	GlobalSection(ProjectConfigurationPlatforms) = postSolution
		{5B891F2C-7674-48A5-A05A-A3EF92B4272E}.Debug|Any CPU.ActiveCfg = Debug|Any CPU
		{5B891F2C-7674-48A5-A05A-A3EF92B4272E}.Debug|Any CPU.Build.0 = Debug|Any CPU
		{5B891F2C-7674-48A5-A05A-A3EF92B4272E}.Release|Any CPU.ActiveCfg = Release|Any CPU
		{5B891F2C-7674-48A5-A05A-A3EF92B4272E}.Release|Any CPU.Build.0 = Release|Any CPU
		{E8B0C718-5320-47E9-BEEA-5070D9A43554}.Debug|Any CPU.ActiveCfg = Debug|Any CPU
		{E8B0C718-5320-47E9-BEEA-5070D9A43554}.Debug|Any CPU.Build.0 = Debug|Any CPU
		{E8B0C718-5320-47E9-BEEA-5070D9A43554}.Release|Any CPU.ActiveCfg = Release|Any CPU
		{E8B0C718-5320-47E9-BEEA-5070D9A43554}.Release|Any CPU.Build.0 = Release|Any CPU
	EndGlobalSection
	GlobalSection(SolutionProperties) = preSolution
		HideSolutionNode = FALSE
	EndGlobalSection
EndGlobal
